// !$*UTF8*$!
{
	archiveVersion = 1;
	classes = {
	};
	objectVersion = 50;
	objects = {

/* Begin PBXBuildFile section */
		A9E273B620AA0F1400D5B511 /* AppDelegate.swift in Sources */ = {isa = PBXBuildFile; fileRef = A9E273B520AA0F1400D5B511 /* AppDelegate.swift */; };
		A9E273B820AA0F1400D5B511 /* ViewController.swift in Sources */ = {isa = PBXBuildFile; fileRef = A9E273B720AA0F1400D5B511 /* ViewController.swift */; };
		A9E273BB20AA0F1500D5B511 /* Main.storyboard in Resources */ = {isa = PBXBuildFile; fileRef = A9E273B920AA0F1500D5B511 /* Main.storyboard */; };
		A9E273BD20AA0F2200D5B511 /* Assets.xcassets in Resources */ = {isa = PBXBuildFile; fileRef = A9E273BC20AA0F2200D5B511 /* Assets.xcassets */; };
		A9E273C020AA0F2200D5B511 /* LaunchScreen.storyboard in Resources */ = {isa = PBXBuildFile; fileRef = A9E273BE20AA0F2200D5B511 /* LaunchScreen.storyboard */; };
		A9E273C820AA10F900D5B511 /* Inceptionv3.mlmodel in Sources */ = {isa = PBXBuildFile; fileRef = A9E273C720AA10F800D5B511 /* Inceptionv3.mlmodel */; };
/* End PBXBuildFile section */

/* Begin PBXFileReference section */
		A9E273B220AA0F1400D5B511 /* See Food.app */ = {isa = PBXFileReference; explicitFileType = wrapper.application; includeInIndex = 0; path = "See Food.app"; sourceTree = BUILT_PRODUCTS_DIR; };
		A9E273B520AA0F1400D5B511 /* AppDelegate.swift */ = {isa = PBXFileReference; lastKnownFileType = sourcecode.swift; path = AppDelegate.swift; sourceTree = "<group>"; };
		A9E273B720AA0F1400D5B511 /* ViewController.swift */ = {isa = PBXFileReference; lastKnownFileType = sourcecode.swift; path = ViewController.swift; sourceTree = "<group>"; };
		A9E273BA20AA0F1500D5B511 /* Base */ = {isa = PBXFileReference; lastKnownFileType = file.storyboard; name = Base; path = Base.lproj/Main.storyboard; sourceTree = "<group>"; };
		A9E273BC20AA0F2200D5B511 /* Assets.xcassets */ = {isa = PBXFileReference; lastKnownFileType = folder.assetcatalog; path = Assets.xcassets; sourceTree = "<group>"; };
		A9E273BF20AA0F2200D5B511 /* Base */ = {isa = PBXFileReference; lastKnownFileType = file.storyboard; name = Base; path = Base.lproj/LaunchScreen.storyboard; sourceTree = "<group>"; };
		A9E273C120AA0F2200D5B511 /* Info.plist */ = {isa = PBXFileReference; lastKnownFileType = text.plist.xml; path = Info.plist; sourceTree = "<group>"; };
		A9E273C720AA10F800D5B511 /* Inceptionv3.mlmodel */ = {isa = PBXFileReference; lastKnownFileType = file.mlmodel; path = Inceptionv3.mlmodel; sourceTree = "<group>"; };
/* End PBXFileReference section */

/* Begin PBXFrameworksBuildPhase section */
		A9E273AF20AA0F1400D5B511 /* Frameworks */ = {
			isa = PBXFrameworksBuildPhase;
			buildActionMask = 2147483647;
			files = (
			);
			runOnlyForDeploymentPostprocessing = 0;
		};
/* End PBXFrameworksBuildPhase section */

/* Begin PBXGroup section */
		A9E273A920AA0F1400D5B511 = {
			isa = PBXGroup;
			children = (
				A9E273B420AA0F1400D5B511 /* See Food */,
				A9E273B320AA0F1400D5B511 /* Products */,
			);
			sourceTree = "<group>";
		};
		A9E273B320AA0F1400D5B511 /* Products */ = {
			isa = PBXGroup;
			children = (
				A9E273B220AA0F1400D5B511 /* See Food.app */,
			);
			name = Products;
			sourceTree = "<group>";
		};
		A9E273B420AA0F1400D5B511 /* See Food */ = {
			isa = PBXGroup;
			children = (
				A9E273CB20AA115300D5B511 /* Controller */,
				A9E273CA20AA114E00D5B511 /* View */,
				A9E273C920AA114800D5B511 /* Model */,
				A9E273B520AA0F1400D5B511 /* AppDelegate.swift */,
				A9E273BC20AA0F2200D5B511 /* Assets.xcassets */,
				A9E273C120AA0F2200D5B511 /* Info.plist */,
			);
			path = "See Food";
			sourceTree = "<group>";
		};
		A9E273C920AA114800D5B511 /* Model */ = {
			isa = PBXGroup;
			children = (
				A9E273C720AA10F800D5B511 /* Inceptionv3.mlmodel */,
			);
			path = Model;
			sourceTree = "<group>";
		};
		A9E273CA20AA114E00D5B511 /* View */ = {
			isa = PBXGroup;
			children = (
				A9E273BE20AA0F2200D5B511 /* LaunchScreen.storyboard */,
				A9E273B920AA0F1500D5B511 /* Main.storyboard */,
			);
			path = View;
			sourceTree = "<group>";
		};
		A9E273CB20AA115300D5B511 /* Controller */ = {
			isa = PBXGroup;
			children = (
				A9E273B720AA0F1400D5B511 /* ViewController.swift */,
			);
			path = Controller;
			sourceTree = "<group>";
		};
/* End PBXGroup section */

/* Begin PBXNativeTarget section */
		A9E273B120AA0F1400D5B511 /* See Food */ = {
			isa = PBXNativeTarget;
			buildConfigurationList = A9E273C420AA0F2200D5B511 /* Build configuration list for PBXNativeTarget "See Food" */;
			buildPhases = (
				A9E273AE20AA0F1400D5B511 /* Sources */,
				A9E273AF20AA0F1400D5B511 /* Frameworks */,
				A9E273B020AA0F1400D5B511 /* Resources */,
			);
			buildRules = (
			);
			dependencies = (
			);
			name = "See Food";
			productName = "See Food";
			productReference = A9E273B220AA0F1400D5B511 /* See Food.app */;
			productType = "com.apple.product-type.application";
		};
/* End PBXNativeTarget section */

/* Begin PBXProject section */
		A9E273AA20AA0F1400D5B511 /* Project object */ = {
			isa = PBXProject;
			attributes = {
				LastSwiftUpdateCheck = 0930;
				LastUpgradeCheck = 0930;
				ORGANIZATIONNAME = "Amanda Ramirez";
				TargetAttributes = {
					A9E273B120AA0F1400D5B511 = {
						CreatedOnToolsVersion = 9.3;
					};
				};
			};
			buildConfigurationList = A9E273AD20AA0F1400D5B511 /* Build configuration list for PBXProject "See Food" */;
			compatibilityVersion = "Xcode 9.3";
			developmentRegion = en;
			hasScannedForEncodings = 0;
			knownRegions = (
				en,
				Base,
			);
			mainGroup = A9E273A920AA0F1400D5B511;
			productRefGroup = A9E273B320AA0F1400D5B511 /* Products */;
			projectDirPath = "";
			projectRoot = "";
			targets = (
				A9E273B120AA0F1400D5B511 /* See Food */,
			);
		};
/* End PBXProject section */

/* Begin PBXResourcesBuildPhase section */
		A9E273B020AA0F1400D5B511 /* Resources */ = {
			isa = PBXResourcesBuildPhase;
			buildActionMask = 2147483647;
			files = (
				A9E273C020AA0F2200D5B511 /* LaunchScreen.storyboard in Resources */,
				A9E273BD20AA0F2200D5B511 /* Assets.xcassets in Resources */,
				A9E273BB20AA0F1500D5B511 /* Main.storyboard in Resources */,
			);
			runOnlyForDeploymentPostprocessing = 0;
		};
/* End PBXResourcesBuildPhase section */

/* Begin PBXSourcesBuildPhase section */
		A9E273AE20AA0F1400D5B511 /* Sources */ = {
			isa = PBXSourcesBuildPhase;
			buildActionMask = 2147483647;
			files = (
				A9E273B820AA0F1400D5B511 /* ViewController.swift in Sources */,
				A9E273C820AA10F900D5B511 /* Inceptionv3.mlmodel in Sources */,
				A9E273B620AA0F1400D5B511 /* AppDelegate.swift in Sources */,
			);
			runOnlyForDeploymentPostprocessing = 0;
		};
/* End PBXSourcesBuildPhase section */

/* Begin PBXVariantGroup section */
		A9E273B920AA0F1500D5B511 /* Main.storyboard */ = {
			isa = PBXVariantGroup;
			children = (
				A9E273BA20AA0F1500D5B511 /* Base */,
			);
			name = Main.storyboard;
			sourceTree = "<group>";
		};
		A9E273BE20AA0F2200D5B511 /* LaunchScreen.storyboard */ = {
			isa = PBXVariantGroup;
			children = (
				A9E273BF20AA0F2200D5B511 /* Base */,
			);
			name = LaunchScreen.storyboard;
			sourceTree = "<group>";
		};
/* End PBXVariantGroup section */

/* Begin XCBuildConfiguration section */
		A9E273C220AA0F2200D5B511 /* Debug */ = {
			isa = XCBuildConfiguration;
			buildSettings = {
				ALWAYS_SEARCH_USER_PATHS = NO;
				CLANG_ANALYZER_NONNULL = YES;
				CLANG_ANALYZER_NUMBER_OBJECT_CONVERSION = YES_AGGRESSIVE;
				CLANG_CXX_LANGUAGE_STANDARD = "gnu++14";
				CLANG_CXX_LIBRARY = "libc++";
				CLANG_ENABLE_MODULES = YES;
				CLANG_ENABLE_OBJC_ARC = YES;
				CLANG_ENABLE_OBJC_WEAK = YES;
				CLANG_WARN_BLOCK_CAPTURE_AUTORELEASING = YES;
				CLANG_WARN_BOOL_CONVERSION = YES;
				CLANG_WARN_COMMA = YES;
				CLANG_WARN_CONSTANT_CONVERSION = YES;
				CLANG_WARN_DEPRECATED_OBJC_IMPLEMENTATIONS = YES;
				CLANG_WARN_DIRECT_OBJC_ISA_USAGE = YES_ERROR;
				CLANG_WARN_DOCUMENTATION_COMMENTS = YES;
				CLANG_WARN_EMPTY_BODY = YES;
				CLANG_WARN_ENUM_CONVERSION = YES;
				CLANG_WARN_INFINITE_RECURSION = YES;
				CLANG_WARN_INT_CONVERSION = YES;
				CLANG_WARN_NON_LITERAL_NULL_CONVERSION = YES;
				CLANG_WARN_OBJC_IMPLICIT_RETAIN_SELF = YES;
				CLANG_WARN_OBJC_LITERAL_CONVERSION = YES;
				CLANG_WARN_OBJC_ROOT_CLASS = YES_ERROR;
				CLANG_WARN_RANGE_LOOP_ANALYSIS = YES;
				CLANG_WARN_STRICT_PROTOTYPES = YES;
				CLANG_WARN_SUSPICIOUS_MOVE = YES;
				CLANG_WARN_UNGUARDED_AVAILABILITY = YES_AGGRESSIVE;
				CLANG_WARN_UNREACHABLE_CODE = YES;
				CLANG_WARN__DUPLICATE_METHOD_MATCH = YES;
				CODE_SIGN_IDENTITY = "iPhone Developer";
				COPY_PHASE_STRIP = NO;
				DEBUG_INFORMATION_FORMAT = dwarf;
				ENABLE_STRICT_OBJC_MSGSEND = YES;
				ENABLE_TESTABILITY = YES;
				GCC_C_LANGUAGE_STANDARD = gnu11;
				GCC_DYNAMIC_NO_PIC = NO;
				GCC_NO_COMMON_BLOCKS = YES;
				GCC_OPTIMIZATION_LEVEL = 0;
				GCC_PREPROCESSOR_DEFINITIONS = (
					"DEBUG=1",
					"$(inherited)",
				);
				GCC_WARN_64_TO_32_BIT_CONVERSION = YES;
				GCC_WARN_ABOUT_RETURN_TYPE = YES_ERROR;
				GCC_WARN_UNDECLARED_SELECTOR = YES;
				GCC_WARN_UNINITIALIZED_AUTOS = YES_AGGRESSIVE;
				GCC_WARN_UNUSED_FUNCTION = YES;
				GCC_WARN_UNUSED_VARIABLE = YES;
				IPHONEOS_DEPLOYMENT_TARGET = 11.3;
				MTL_ENABLE_DEBUG_INFO = YES;
				ONLY_ACTIVE_ARCH = YES;
				SDKROOT = iphoneos;
				SWIFT_ACTIVE_COMPILATION_CONDITIONS = DEBUG;
				SWIFT_OPTIMIZATION_LEVEL = "-Onone";
			};
			name = Debug;
		};
		A9E273C320AA0F2200D5B511 /* Release */ = {
			isa = XCBuildConfiguration;
			buildSettings = {
				ALWAYS_SEARCH_USER_PATHS = NO;
				CLANG_ANALYZER_NONNULL = YES;
				CLANG_ANALYZER_NUMBER_OBJECT_CONVERSION = YES_AGGRESSIVE;
				CLANG_CXX_LANGUAGE_STANDARD = "gnu++14";
				CLANG_CXX_LIBRARY = "libc++";
				CLANG_ENABLE_MODULES = YES;
				CLANG_ENABLE_OBJC_ARC = YES;
				CLANG_ENABLE_OBJC_WEAK = YES;
				CLANG_WARN_BLOCK_CAPTURE_AUTORELEASING = YES;
				CLANG_WARN_BOOL_CONVERSION = YES;
				CLANG_WARN_COMMA = YES;
				CLANG_WARN_CONSTANT_CONVERSION = YES;
				CLANG_WARN_DEPRECATED_OBJC_IMPLEMENTATIONS = YES;
				CLANG_WARN_DIRECT_OBJC_ISA_USAGE = YES_ERROR;
				CLANG_WARN_DOCUMENTATION_COMMENTS = YES;
				CLANG_WARN_EMPTY_BODY = YES;
				CLANG_WARN_ENUM_CONVERSION = YES;
				CLANG_WARN_INFINITE_RECURSION = YES;
				CLANG_WARN_INT_CONVERSION = YES;
				CLANG_WARN_NON_LITERAL_NULL_CONVERSION = YES;
				CLANG_WARN_OBJC_IMPLICIT_RETAIN_SELF = YES;
				CLANG_WARN_OBJC_LITERAL_CONVERSION = YES;
				CLANG_WARN_OBJC_ROOT_CLASS = YES_ERROR;
				CLANG_WARN_RANGE_LOOP_ANALYSIS = YES;
				CLANG_WARN_STRICT_PROTOTYPES = YES;
				CLANG_WARN_SUSPICIOUS_MOVE = YES;
				CLANG_WARN_UNGUARDED_AVAILABILITY = YES_AGGRESSIVE;
				CLANG_WARN_UNREACHABLE_CODE = YES;
				CLANG_WARN__DUPLICATE_METHOD_MATCH = YES;
				CODE_SIGN_IDENTITY = "iPhone Developer";
				COPY_PHASE_STRIP = NO;
				DEBUG_INFORMATION_FORMAT = "dwarf-with-dsym";
				ENABLE_NS_ASSERTIONS = NO;
				ENABLE_STRICT_OBJC_MSGSEND = YES;
				GCC_C_LANGUAGE_STANDARD = gnu11;
				GCC_NO_COMMON_BLOCKS = YES;
				GCC_WARN_64_TO_32_BIT_CONVERSION = YES;
				GCC_WARN_ABOUT_RETURN_TYPE = YES_ERROR;
				GCC_WARN_UNDECLARED_SELECTOR = YES;
				GCC_WARN_UNINITIALIZED_AUTOS = YES_AGGRESSIVE;
				GCC_WARN_UNUSED_FUNCTION = YES;
				GCC_WARN_UNUSED_VARIABLE = YES;
				IPHONEOS_DEPLOYMENT_TARGET = 11.3;
				MTL_ENABLE_DEBUG_INFO = NO;
				SDKROOT = iphoneos;
				SWIFT_COMPILATION_MODE = wholemodule;
				SWIFT_OPTIMIZATION_LEVEL = "-O";
				VALIDATE_PRODUCT = YES;
			};
			name = Release;
		};
		A9E273C520AA0F2200D5B511 /* Debug */ = {
			isa = XCBuildConfiguration;
			buildSettings = {
				ASSETCATALOG_COMPILER_APPICON_NAME = AppIcon;
				CODE_SIGN_STYLE = Automatic;
				DEVELOPMENT_TEAM = 66GKFL5W33;
				INFOPLIST_FILE = "See Food/Info.plist";
				LD_RUNPATH_SEARCH_PATHS = (
					"$(inherited)",
					"@executable_path/Frameworks",
				);
				PRODUCT_BUNDLE_IDENTIFIER = "com.wordpress.ohhsoocutee.See-Food";
				PRODUCT_NAME = "$(TARGET_NAME)";
				SWIFT_VERSION = 4.0;
				TARGETED_DEVICE_FAMILY = "1,2";
			};
			name = Debug;
		};
		A9E273C620AA0F2200D5B511 /* Release */ = {
			isa = XCBuildConfiguration;
			buildSettings = {
				ASSETCATALOG_COMPILER_APPICON_NAME = AppIcon;
				CODE_SIGN_STYLE = Automatic;
				DEVELOPMENT_TEAM = 66GKFL5W33;
				INFOPLIST_FILE = "See Food/Info.plist";
				LD_RUNPATH_SEARCH_PATHS = (
					"$(inherited)",
					"@executable_path/Frameworks",
				);
				PRODUCT_BUNDLE_IDENTIFIER = "com.wordpress.ohhsoocutee.See-Food";
				PRODUCT_NAME = "$(TARGET_NAME)";
				SWIFT_VERSION = 4.0;
				TARGETED_DEVICE_FAMILY = "1,2";
			};
			name = Release;
		};
/* End XCBuildConfiguration section */

/* Begin XCConfigurationList section */
		A9E273AD20AA0F1400D5B511 /* Build configuration list for PBXProject "See Food" */ = {
			isa = XCConfigurationList;
			buildConfigurations = (
				A9E273C220AA0F2200D5B511 /* Debug */,
				A9E273C320AA0F2200D5B511 /* Release */,
			);
			defaultConfigurationIsVisible = 0;
			defaultConfigurationName = Release;
		};
		A9E273C420AA0F2200D5B511 /* Build configuration list for PBXNativeTarget "See Food" */ = {
			isa = XCConfigurationList;
			buildConfigurations = (
				A9E273C520AA0F2200D5B511 /* Debug */,
				A9E273C620AA0F2200D5B511 /* Release */,
			);
			defaultConfigurationIsVisible = 0;
			defaultConfigurationName = Release;
		};
/* End XCConfigurationList section */
	};
	rootObject = A9E273AA20AA0F1400D5B511 /* Project object */;
}
